{
  "name": "@antifailure/runner",
  "version": "1.3.4",
  "lockfileVersion": 3,
  "requires": true,
  "packages": {
    "": {
      "name": "@antifailure/runner",
      "version": "1.3.4",
      "license": "MIT",
      "dependencies": {
        "@lydell/node-pty": "1.2.0-beta.15",
        "@xterm/headless": "6.0.0",
        "playwright": "^1.63.0"
      },
      "bin": {
        "af-runner": "src/main.ts"
      },
      "devDependencies": {
        "@types/node": "^22.20.2",
        "typescript": "^5.7.0"
      },
      "engines": {
        "node": ">=22.6"
      }
    },
    "node_modules/@lydell/node-pty": {
      "version": "1.2.0-beta.15",
      "resolved": "https://registry.npmjs.org/@lydell/node-pty/-/node-pty-1.2.0-beta.15.tgz",
      "integrity": "sha512-Br8wBxzbxFwdWgk9uQ+rdzE0xfoxOK4QuGH54swhRwc5IxP6H9Y1/bcyazRGvNUs6XkB5qNVkezuKSRxUwZe7A==",
      "license": "MIT",
      "optionalDependencies": {
        "@lydell/node-pty-darwin-arm64": "1.2.0-beta.15",
        "@lydell/node-pty-darwin-x64": "1.2.0-beta.15",
        "@lydell/node-pty-linux-arm64": "1.2.0-beta.15",
        "@lydell/node-pty-linux-x64": "1.2.0-beta.15",
        "@lydell/node-pty-win32-arm64": "1.2.0-beta.15",
        "@lydell/node-pty-win32-x64": "1.2.0-beta.15"
      }
    },
    "node_modules/@lydell/node-pty-darwin-arm64": {
      "version": "1.2.0-beta.15",
      "resolved": "https://registry.npmjs.org/@lydell/node-pty-darwin-arm64/-/node-pty-darwin-arm64-1.2.0-beta.15.tgz",
      "integrity": "sha512-6TSBbzdcLiNTHl1mTuzflqXrkmcC36USVGvERoDgvHk2ItEDaMaFZuAJ1CqPmwYj0DyhCS16TVS8OGK9xZnjyQ==",
      "cpu": [
        "arm64"
      ],
      "license": "MIT",
      "optional": true,
      "os": [
        "darwin"
      ]
    },
    "node_modules/@lydell/node-pty-darwin-x64": {
      "version": "1.2.0-beta.15",
      "resolved": "https://registry.npmjs.org/@lydell/node-pty-darwin-x64/-/node-pty-darwin-x64-1.2.0-beta.15.tgz",
      "integrity": "sha512-yDT2oqPqYMBScyuk1U9Rg5VKcrbMOD9o9jWYYamDADA3NSbUISroPChrqYRQ74Y7BQtNH4gqYAiWOZRi5uQZ0Q==",
      "cpu": [
        "x64"
      ],
      "license": "MIT",
      "optional": true,
      "os": [
        "darwin"
      ]
    },
    "node_modules/@lydell/node-pty-linux-arm64": {
      "version": "1.2.0-beta.15",
      "resolved": "https://registry.npmjs.org/@lydell/node-pty-linux-arm64/-/node-pty-linux-arm64-1.2.0-beta.15.tgz",
      "integrity": "sha512-wkbNF7dYAmtJv+o2+iztVlNwnUB4B0uX0wh/UD+mwMcmE2gNMnW9GChXO7fEE5XJokD0vB5idiHpGegaN+G/sg==",
      "cpu": [
        "arm64"
      ],
      "license": "MIT",
      "optional": true,
      "os": [
        "linux"
      ]
    },
    "node_modules/@lydell/node-pty-linux-x64": {
      "version": "1.2.0-beta.15",
      "resolved": "https://registry.npmjs.org/@lydell/node-pty-linux-x64/-/node-pty-linux-x64-1.2.0-beta.15.tgz",
      "integrity": "sha512-+U/5AVvHT6W+8OCYcnJgN0Qgc0ycO3TfD6aaFJHK+WHij797f8gsi5dV1HEO9l6YQmWCD+VL5gaLDhx3mxHwCA==",
      "cpu": [
        "x64"
      ],
      "license": "MIT",
      "optional": true,
      "os": [
        "linux"
      ]
    },
    "node_modules/@lydell/node-pty-win32-arm64": {
      "version": "1.2.0-beta.15",
      "resolved": "https://registry.npmjs.org/@lydell/node-pty-win32-arm64/-/node-pty-win32-arm64-1.2.0-beta.15.tgz",
      "integrity": "sha512-pyAk91w7wnnKrD4mrHXtIXRfmzSWV5bEzvRhurXcMCtCc2TJ424ciUskIgWMhAPP6y3KyUnqElj+U6kY3iOt0A==",
      "cpu": [
        "arm64"
      ],
      "license": "MIT",
      "optional": true,
      "os": [
        "win32"
      ]
    },
    "node_modules/@lydell/node-pty-win32-x64": {
      "version": "1.2.0-beta.15",
      "resolved": "https://registry.npmjs.org/@lydell/node-pty-win32-x64/-/node-pty-win32-x64-1.2.0-beta.15.tgz",
      "integrity": "sha512-2f8twEmDVxZ7drchAXjtevpmSPhFok0avAnzXro4t5gmz0xsPNKkoZvymwtuIS3xo7PzQqZOPQ/YzwEMb7oIzQ==",
      "cpu": [
        "x64"
      ],
      "license": "MIT",
      "optional": true,
      "os": [
        "win32"
      ]
    },
    "node_modules/@types/node": {
      "version": "22.20.2",
      "resolved": "https://registry.npmjs.org/@types/node/-/node-22.20.2.tgz",
      "integrity": "sha512-xlvWf4Vs9n1PEVYwP1n4vvG07M6y8WgvJ2t0vbrWTmijsIHp1cS+uJ2kMIRdY3nHZK0nCYKrPeD171+SzF4/zw==",
      "dev": true,
      "license": "MIT",
      "dependencies": {
        "undici-types": "~6.21.0"
      }
    },
    "node_modules/@xterm/headless": {
      "version": "6.0.0",
      "resolved": "https://registry.npmjs.org/@xterm/headless/-/headless-6.0.0.tgz",
      "integrity": "sha512-5Yj1QINYCyzrZtf8OFIHi47iQtI+0qYFPHmouEfG8dHNxbZ9Tb9YGSuLcsEwj9Z+OL75GJqPyJbyoFer80a2Hw==",
      "license": "MIT",
      "workspaces": [
        "addons/*"
      ]
    },
    "node_modules/playwright": {
      "version": "1.63.0",
      "resolved": "https://registry.npmjs.org/playwright/-/playwright-1.63.0.tgz",
      "integrity": "sha512-+7ziBLidS4NaNCdt57SUDT+wYmmd5fmiQejUic/kb+YsYSCPyOOE9sebzMjNmQrsnNpDJqd4WHvV/8lfKfUDUg==",
      "license": "Apache-2.0",
      "dependencies": {
        "playwright-core": "1.63.0"
      },
      "bin": {
        "playwright": "cli.js"
      },
      "engines": {
        "node": ">=20"
      }
    },
    "node_modules/playwright-core": {
      "version": "1.63.0",
      "resolved": "https://registry.npmjs.org/playwright-core/-/playwright-core-1.63.0.tgz",
      "integrity": "sha512-rYCsBF/M5HjUch52bbtVONEFjv6Xu8sm8h72dNlR5bzIE1fvC/bxgspzkjSfU+MweEMmPM8KJebG6nnyxo5mCg==",
      "license": "Apache-2.0",
      "bin": {
        "playwright-core": "cli.js"
      },
      "engines": {
        "node": ">=20"
      }
    },
    "node_modules/typescript": {
      "version": "5.9.3",
      "resolved": "https://registry.npmjs.org/typescript/-/typescript-5.9.3.tgz",
      "integrity": "sha512-jl1vZzPDinLr9eUt3J/t7V6FgNEw9QjvBPdysz9KfQDD41fQrC2Y4vKQdiaUpFT4bXlb1RHhLpp8wtm6M5TgSw==",
      "dev": true,
      "license": "Apache-2.0",
      "bin": {
        "tsc": "bin/tsc",
        "tsserver": "bin/tsserver"
      },
      "engines": {
        "node": ">=14.17"
      }
    },
    "node_modules/undici-types": {
      "version": "6.21.0",
      "resolved": "https://registry.npmjs.org/undici-types/-/undici-types-6.21.0.tgz",
      "integrity": "sha512-iwDZqg0QAGrg9Rav5H4n0M64c3mkR59cJ6wQp+7C4nI0gsmExaedaYLNO44eT4AtBBwjbTiGPMlt2Md0T9H9JQ==",
      "dev": true,
      "license": "MIT"
    }
  }
}
